
Microsoft Visual Studio Solution File, Format Version 12.00
# Visual Studio Version 17
VisualStudioVersion = 17.9.34622.214
MinimumVisualStudioVersion = 10.0.40219.1
Project("{FAE04EC0-301F-11D3-BF4B-00C04F79EFBC}") = "Jogo-AdivinhacaoConsoleApp", "Jogo-AdivinhacaoConsoleApp\Jogo-AdivinhacaoConsoleApp.csproj", "{70358114-77FF-4815-B8CC-0A626ECD70CB}"
EndProject
Global
	GlobalSection(SolutionConfigurationPlatforms) = preSolution
		Debug|Any CPU = Debug|Any CPU
		Release|Any CPU = Release|Any CPU
	EndGlobalSection
	GlobalSection(ProjectConfigurationPlatforms) = postSolution
		{70358114-77FF-4815-B8CC-0A626ECD70CB}.Debug|Any CPU.ActiveCfg = Debug|Any CPU
		{70358114-77FF-4815-B8CC-0A626ECD70CB}.Debug|Any CPU.Build.0 = Debug|Any CPU
		{70358114-77FF-4815-B8CC-0A626ECD70CB}.Release|Any CPU.ActiveCfg = Release|Any CPU
		{70358114-77FF-4815-B8CC-0A626ECD70CB}.Release|Any CPU.Build.0 = Release|Any CPU
	EndGlobalSection
	GlobalSection(SolutionProperties) = preSolution
		HideSolutionNode = FALSE
	EndGlobalSection
	GlobalSection(ExtensibilityGlobals) = postSolution
		SolutionGuid = {D2EA85A9-4C1C-4D9E-95B7-E2A8582BE471}
	EndGlobalSection
EndGlobal
